
Microsoft Visual Studio Solution File, Format Version 12.00
# Visual Studio Version 17
VisualStudioVersion = 17.7.34031.279
MinimumVisualStudioVersion = 10.0.40219.1
Project("{FAE04EC0-301F-11D3-BF4B-00C04F79EFBC}") = "MyFinanaces", "MyFinanaces\MyFinanaces.csproj", "{35AE12E0-7A37-46C3-9A77-ED3D41AB948E}"
EndProject
Global
	GlobalSection(SolutionConfigurationPlatforms) = preSolution
		Debug|Any CPU = Debug|Any CPU
		Release|Any CPU = Release|Any CPU
	EndGlobalSection
	GlobalSection(ProjectConfigurationPlatforms) = postSolution
		{35AE12E0-7A37-46C3-9A77-ED3D41AB948E}.Debug|Any CPU.ActiveCfg = Debug|Any CPU
		{35AE12E0-7A37-46C3-9A77-ED3D41AB948E}.Debug|Any CPU.Build.0 = Debug|Any CPU
		{35AE12E0-7A37-46C3-9A77-ED3D41AB948E}.Release|Any CPU.ActiveCfg = Release|Any CPU
		{35AE12E0-7A37-46C3-9A77-ED3D41AB948E}.Release|Any CPU.Build.0 = Release|Any CPU
	EndGlobalSection
	GlobalSection(SolutionProperties) = preSolution
		HideSolutionNode = FALSE
	EndGlobalSection
	GlobalSection(ExtensibilityGlobals) = postSolution
		SolutionGuid = {81F8F36B-EDAC-4C17-8446-0C969E40E89B}
	EndGlobalSection
EndGlobal
